<?xml version="1.0" encoding="utf-8"?>
<Project ToolsVersion="4.0" xmlns="http://schemas.microsoft.com/developer/msbuild/2003">
  <ItemGroup>
    <ClCompile Include="dllmain.cpp" />
    <ClCompile Include="src\base.cpp">
      <Filter>src</Filter>
    </ClCompile>
    <ClCompile Include="include\Mem\hook.cpp">
      <Filter>include\Mem</Filter>
    </ClCompile>
    <ClCompile Include="include\Mem\mem.cpp">
      <Filter>include\Mem</Filter>
    </ClCompile>
    <ClCompile Include="src\ui\menu.cpp">
      <Filter>src\ui</Filter>
    </ClCompile>
    <ClCompile Include="src\ui\overlay.cpp">
      <Filter>src\ui</Filter>
    </ClCompile>
    <ClCompile Include="include\ScreenCleaner\ScreenCleaner.cpp">
      <Filter>include\ScreenCleaner</Filter>
    </ClCompile>
    <ClCompile Include="src\misc\logger.cpp">
      <Filter>src\misc</Filter>
    </ClCompile>
    <ClCompile Include="src\hooks.cpp">
      <Filter>src</Filter>
    </ClCompile>
    <ClCompile Include="include\ImGui\imgui.cpp">
      <Filter>include\ImGui</Filter>
    </ClCompile>
    <ClCompile Include="include\ImGui\imgui_tables.cpp">
      <Filter>include\ImGui</Filter>
    </ClCompile>
    <ClCompile Include="include\ImGui\imgui_widgets.cpp">
      <Filter>include\ImGui</Filter>
    </ClCompile>
    <ClCompile Include="include\ImGui\backends\imgui_impl_dx9.cpp">
      <Filter>include\ImGui\backends</Filter>
    </ClCompile>
    <ClCompile Include="include\ImGui\backends\imgui_impl_dx11.cpp">
      <Filter>include\ImGui\backends</Filter>
    </ClCompile>
    <ClCompile Include="include\ImGui\backends\imgui_impl_dx12.cpp">
      <Filter>include\ImGui\backends</Filter>
    </ClCompile>
    <ClCompile Include="include\ImGui\backends\imgui_impl_opengl3.cpp">
      <Filter>include\ImGui\backends</Filter>
    </ClCompile>
    <ClCompile Include="include\ImGui\backends\imgui_impl_vulkan.cpp">
      <Filter>include\ImGui\backends</Filter>
    </ClCompile>
    <ClCompile Include="include\ImGui\backends\imgui_impl_win32.cpp">
      <Filter>include\ImGui\backends</Filter>
    </ClCompile>
    <ClCompile Include="include\ImGui\imgui_draw.cpp">
      <Filter>include\ImGui</Filter>
    </ClCompile>
  </ItemGroup>
  <ItemGroup>
    <ClInclude Include="resource.h" />
    <ClInclude Include="include\Mem\hook.h">
      <Filter>include\Mem</Filter>
    </ClInclude>
    <ClInclude Include="include\Mem\mem.h">
      <Filter>include\Mem</Filter>
    </ClInclude>
    <ClInclude Include="src\misc\keybinds.h">
      <Filter>src\misc</Filter>
    </ClInclude>
    <ClInclude Include="src\ui\menu.h">
      <Filter>src\ui</Filter>
    </ClInclude>
    <ClInclude Include="src\ui\overlay.h">
      <Filter>src\ui</Filter>
    </ClInclude>
    <ClInclude Include="src\ui\widgets.h">
      <Filter>src\ui</Filter>
    </ClInclude>
    <ClInclude Include="src\game.h">
      <Filter>src</Filter>
    </ClInclude>
    <ClInclude Include="include\ScreenCleaner\ScreenCleaner.h">
      <Filter>include\ScreenCleaner</Filter>
    </ClInclude>
    <ClInclude Include="src\ui\backend\D3D11.h">
      <Filter>src\ui\backend</Filter>
    </ClInclude>
    <ClInclude Include="src\ui\backend\D3D12.h">
      <Filter>src\ui\backend</Filter>
    </ClInclude>
    <ClInclude Include="src\ui\backend\Discord.h">
      <Filter>src\ui\backend</Filter>
    </ClInclude>
    <ClInclude Include="src\ui\backend\OpenGL.h">
      <Filter>src\ui\backend</Filter>
    </ClInclude>
    <ClInclude Include="src\ui\backend\Steam.h">
      <Filter>src\ui\backend</Filter>
    </ClInclude>
    <ClInclude Include="src\ui\backend\Vulkan.h">
      <Filter>src\ui\backend</Filter>
    </ClInclude>
    <ClInclude Include="src\misc\logger.h">
      <Filter>src\misc</Filter>
    </ClInclude>
    <ClInclude Include="src\hooks.h">
      <Filter>src</Filter>
    </ClInclude>
    <ClInclude Include="src\ui\backend\D3D9.h">
      <Filter>src\ui\backend</Filter>
    </ClInclude>
    <ClInclude Include="include\TinyHook\eathook.h">
      <Filter>include\TinyHook</Filter>
    </ClInclude>
    <ClInclude Include="include\TinyHook\iathook.h">
      <Filter>include\TinyHook</Filter>
    </ClInclude>
    <ClInclude Include="include\TinyHook\tinyhook.h">
      <Filter>include\TinyHook</Filter>
    </ClInclude>
    <ClInclude Include="include\TinyHook\vmthook.h">
      <Filter>include\TinyHook</Filter>
    </ClInclude>
    <ClInclude Include="include\TinyHook\shared.h">
      <Filter>include\TinyHook</Filter>
    </ClInclude>
    <ClInclude Include="include\custom_imconfig.h">
      <Filter>include</Filter>
    </ClInclude>
  </ItemGroup>
  <ItemGroup>
    <ResourceCompile Include="version.rc" />
  </ItemGroup>
  <ItemGroup>
    <Filter Include="src">
      <UniqueIdentifier>{ad294d68-bec6-4b1e-9850-825564f6db45}</UniqueIdentifier>
    </Filter>
    <Filter Include="include">
      <UniqueIdentifier>{ee6ca8f5-a787-446e-a744-1fbff4ead29f}</UniqueIdentifier>
    </Filter>
    <Filter Include="include\Mem">
      <UniqueIdentifier>{23f98cef-f878-4114-9597-0ff5fb134495}</UniqueIdentifier>
    </Filter>
    <Filter Include="src\misc">
      <UniqueIdentifier>{6816d7a0-fb2d-43e7-9d9f-a66ea1110cdb}</UniqueIdentifier>
    </Filter>
    <Filter Include="src\ui">
      <UniqueIdentifier>{36629bfe-03ba-431c-94d9-2dc9bf7639bb}</UniqueIdentifier>
    </Filter>
    <Filter Include="include\ScreenCleaner">
      <UniqueIdentifier>{595fd539-999a-4283-86c4-5d3592f7ad77}</UniqueIdentifier>
    </Filter>
    <Filter Include="src\ui\backend">
      <UniqueIdentifier>{dd876da3-8fca-43b3-bfdd-2a3a3fe25762}</UniqueIdentifier>
    </Filter>
    <Filter Include="include\TinyHook">
      <UniqueIdentifier>{3f58d113-f3a5-4d9c-bb6f-8af842ee80c9}</UniqueIdentifier>
    </Filter>
    <Filter Include="include\ImGui">
      <UniqueIdentifier>{c9086cb6-410d-4e49-ac65-c1fdb3a3e59e}</UniqueIdentifier>
    </Filter>
    <Filter Include="include\ImGui\backends">
      <UniqueIdentifier>{4c5e6385-bd28-4065-b95f-bf08ae6a7ec1}</UniqueIdentifier>
    </Filter>
  </ItemGroup>
  <ItemGroup>
    <None Include="PropertySheet.props" />
  </ItemGroup>
</Project>